
Microsoft Visual Studio Solution File, Format Version 12.00
# Visual Studio Version 17
VisualStudioVersion = 17.1.32328.378
MinimumVisualStudioVersion = 10.0.40219.1
Project("{9A19103F-16F7-4668-BE54-9A1E7A4F7556}") = "MotelManagement", "MotelManagement\MotelManagement.csproj", "{BD17DE16-1FF4-4084-A1CE-85F13487DC59}"
EndProject
Global
	GlobalSection(SolutionConfigurationPlatforms) = preSolution
		Debug|Any CPU = Debug|Any CPU
		Release|Any CPU = Release|Any CPU
	EndGlobalSection
	GlobalSection(ProjectConfigurationPlatforms) = postSolution
		{BD17DE16-1FF4-4084-A1CE-85F13487DC59}.Debug|Any CPU.ActiveCfg = Debug|Any CPU
		{BD17DE16-1FF4-4084-A1CE-85F13487DC59}.Debug|Any CPU.Build.0 = Debug|Any CPU
		{BD17DE16-1FF4-4084-A1CE-85F13487DC59}.Release|Any CPU.ActiveCfg = Release|Any CPU
		{BD17DE16-1FF4-4084-A1CE-85F13487DC59}.Release|Any CPU.Build.0 = Release|Any CPU
	EndGlobalSection
	GlobalSection(SolutionProperties) = preSolution
		HideSolutionNode = FALSE
	EndGlobalSection
	GlobalSection(ExtensibilityGlobals) = postSolution
		SolutionGuid = {1BBB9E5F-839A-42BE-8948-83C7C202BDFE}
	EndGlobalSection
EndGlobal
